
Microsoft Visual Studio Solution File, Format Version 12.00
# Visual Studio 15
VisualStudioVersion = 15.0.28010.2016
MinimumVisualStudioVersion = 10.0.40219.1
Project("{FAE04EC0-301F-11D3-BF4B-00C04F79EFBC}") = "LinearAlgebra", "LinearAlgebra\LinearAlgebra.csproj", "{53F9533C-8F01-425E-8CD6-DDC3B7152482}"
EndProject
Global
	GlobalSection(SolutionConfigurationPlatforms) = preSolution
		Debug|Any CPU = Debug|Any CPU
		Release|Any CPU = Release|Any CPU
	EndGlobalSection
	GlobalSection(ProjectConfigurationPlatforms) = postSolution
		{53F9533C-8F01-425E-8CD6-DDC3B7152482}.Debug|Any CPU.ActiveCfg = Debug|Any CPU
		{53F9533C-8F01-425E-8CD6-DDC3B7152482}.Debug|Any CPU.Build.0 = Debug|Any CPU
		{53F9533C-8F01-425E-8CD6-DDC3B7152482}.Release|Any CPU.ActiveCfg = Release|Any CPU
		{53F9533C-8F01-425E-8CD6-DDC3B7152482}.Release|Any CPU.Build.0 = Release|Any CPU
	EndGlobalSection
	GlobalSection(SolutionProperties) = preSolution
		HideSolutionNode = FALSE
	EndGlobalSection
	GlobalSection(ExtensibilityGlobals) = postSolution
		SolutionGuid = {292F6544-037E-4CCC-B54F-31466101C58A}
	EndGlobalSection
EndGlobal
